
Microsoft Visual Studio Solution File, Format Version 12.00
# Visual Studio 15
VisualStudioVersion = 15.0.27130.2003
MinimumVisualStudioVersion = 10.0.40219.1
Project("{FAE04EC0-301F-11D3-BF4B-00C04F79EFBC}") = "ProjetoEDIII-18169-18172", "ProjetoEDIII-18169-18172\ProjetoEDIII-18169-18172.csproj", "{7B9193CA-2F06-4A3F-8706-32FF1CE300A2}"
EndProject
Global
	GlobalSection(SolutionConfigurationPlatforms) = preSolution
		Debug|Any CPU = Debug|Any CPU
		Release|Any CPU = Release|Any CPU
	EndGlobalSection
	GlobalSection(ProjectConfigurationPlatforms) = postSolution
		{7B9193CA-2F06-4A3F-8706-32FF1CE300A2}.Debug|Any CPU.ActiveCfg = Debug|Any CPU
		{7B9193CA-2F06-4A3F-8706-32FF1CE300A2}.Debug|Any CPU.Build.0 = Debug|Any CPU
		{7B9193CA-2F06-4A3F-8706-32FF1CE300A2}.Release|Any CPU.ActiveCfg = Release|Any CPU
		{7B9193CA-2F06-4A3F-8706-32FF1CE300A2}.Release|Any CPU.Build.0 = Release|Any CPU
	EndGlobalSection
	GlobalSection(SolutionProperties) = preSolution
		HideSolutionNode = FALSE
	EndGlobalSection
	GlobalSection(ExtensibilityGlobals) = postSolution
		SolutionGuid = {0AB30698-BDD0-4AC6-82F6-CA17BE1B8AE0}
	EndGlobalSection
EndGlobal
